
Microsoft Visual Studio Solution File, Format Version 12.00
# Visual Studio Version 17
VisualStudioVersion = 17.10.35013.160
MinimumVisualStudioVersion = 10.0.40219.1
Project("{FAE04EC0-301F-11D3-BF4B-00C04F79EFBC}") = "UMS", "UMS\UMS.csproj", "{60DBB42F-7453-4F5F-8197-C43B05F4CFD1}"
EndProject
Global
	GlobalSection(SolutionConfigurationPlatforms) = preSolution
		Debug|Any CPU = Debug|Any CPU
		Release|Any CPU = Release|Any CPU
	EndGlobalSection
	GlobalSection(ProjectConfigurationPlatforms) = postSolution
		{60DBB42F-7453-4F5F-8197-C43B05F4CFD1}.Debug|Any CPU.ActiveCfg = Debug|Any CPU
		{60DBB42F-7453-4F5F-8197-C43B05F4CFD1}.Debug|Any CPU.Build.0 = Debug|Any CPU
		{60DBB42F-7453-4F5F-8197-C43B05F4CFD1}.Release|Any CPU.ActiveCfg = Release|Any CPU
		{60DBB42F-7453-4F5F-8197-C43B05F4CFD1}.Release|Any CPU.Build.0 = Release|Any CPU
	EndGlobalSection
	GlobalSection(SolutionProperties) = preSolution
		HideSolutionNode = FALSE
	EndGlobalSection
	GlobalSection(ExtensibilityGlobals) = postSolution
		SolutionGuid = {ACB4DF53-5F2E-4BDE-9535-9B08DCE0BA95}
	EndGlobalSection
EndGlobal
